
Microsoft Visual Studio Solution File, Format Version 12.00
# Visual Studio Version 16
VisualStudioVersion = 16.0.810.16
MinimumVisualStudioVersion = 10.0.40219.1
Project("{FAE04EC0-301F-11D3-BF4B-00C04F79EFBC}") = "XUnitTestProject4", "XUnitTestProject4\XUnitTestProject4.csproj", "{3B0CACF3-EE8D-45ED-9B2B-EBA5C6110F4B}"
EndProject
Global
	GlobalSection(SolutionConfigurationPlatforms) = preSolution
		Debug|Any CPU = Debug|Any CPU
		Release|Any CPU = Release|Any CPU
	EndGlobalSection
	GlobalSection(ProjectConfigurationPlatforms) = postSolution
		{3B0CACF3-EE8D-45ED-9B2B-EBA5C6110F4B}.Debug|Any CPU.ActiveCfg = Debug|Any CPU
		{3B0CACF3-EE8D-45ED-9B2B-EBA5C6110F4B}.Debug|Any CPU.Build.0 = Debug|Any CPU
		{3B0CACF3-EE8D-45ED-9B2B-EBA5C6110F4B}.Release|Any CPU.ActiveCfg = Release|Any CPU
		{3B0CACF3-EE8D-45ED-9B2B-EBA5C6110F4B}.Release|Any CPU.Build.0 = Release|Any CPU
	EndGlobalSection
	GlobalSection(SolutionProperties) = preSolution
		HideSolutionNode = FALSE
	EndGlobalSection
	GlobalSection(ExtensibilityGlobals) = postSolution
		SolutionGuid = {010C34A7-F01C-4BA6-A82A-4E2465A3BB9D}
	EndGlobalSection
EndGlobal
