
Microsoft Visual Studio Solution File, Format Version 12.00
# Visual Studio Version 16
VisualStudioVersion = 16.0.810.16
MinimumVisualStudioVersion = 10.0.40219.1
Project("{FAE04EC0-301F-11D3-BF4B-00C04F79EFBC}") = "XUnitTestProject4", "XUnitTestProject4.csproj", "{0F72BBB2-C04B-486A-AF85-D9803AF9E973}"
EndProject
Global
	GlobalSection(SolutionConfigurationPlatforms) = preSolution
		Debug|Any CPU = Debug|Any CPU
		Release|Any CPU = Release|Any CPU
	EndGlobalSection
	GlobalSection(ProjectConfigurationPlatforms) = postSolution
		{0F72BBB2-C04B-486A-AF85-D9803AF9E973}.Debug|Any CPU.ActiveCfg = Debug|Any CPU
		{0F72BBB2-C04B-486A-AF85-D9803AF9E973}.Debug|Any CPU.Build.0 = Debug|Any CPU
		{0F72BBB2-C04B-486A-AF85-D9803AF9E973}.Release|Any CPU.ActiveCfg = Release|Any CPU
		{0F72BBB2-C04B-486A-AF85-D9803AF9E973}.Release|Any CPU.Build.0 = Release|Any CPU
	EndGlobalSection
	GlobalSection(SolutionProperties) = preSolution
		HideSolutionNode = FALSE
	EndGlobalSection
	GlobalSection(ExtensibilityGlobals) = postSolution
		SolutionGuid = {94F6C709-5250-4A59-A28C-01B8D562DA29}
	EndGlobalSection
EndGlobal
